// !$*UTF8*$!
{
	archiveVersion = 1;
	classes = {
	};
	objectVersion = 50;
	objects = {

/* Begin PBXBuildFile section */
		B10F831124084442005C8E3D /* status_icon.png in Resources */ = {isa = PBXBuildFile; fileRef = B10F831024084442005C8E3D /* status_icon.png */; };
		B195403E2407C67700250156 /* SpotifyStatusDelegate.m in Sources */ = {isa = PBXBuildFile; fileRef = B195403D2407C67700250156 /* SpotifyStatusDelegate.m */; };
		B19540402407C67A00250156 /* Assets.xcassets in Resources */ = {isa = PBXBuildFile; fileRef = B195403F2407C67A00250156 /* Assets.xcassets */; };
		B19540432407C67A00250156 /* MainMenu.xib in Resources */ = {isa = PBXBuildFile; fileRef = B19540412407C67A00250156 /* MainMenu.xib */; };
		B19540462407C67A00250156 /* main.m in Sources */ = {isa = PBXBuildFile; fileRef = B19540452407C67A00250156 /* main.m */; };
		B195404F2407C6A000250156 /* Cocoa.framework in Frameworks */ = {isa = PBXBuildFile; fileRef = B195404E2407C6A000250156 /* Cocoa.framework */; };
/* End PBXBuildFile section */

/* Begin PBXFileReference section */
		B10F831024084442005C8E3D /* status_icon.png */ = {isa = PBXFileReference; lastKnownFileType = image.png; path = status_icon.png; sourceTree = "<group>"; };
		B12F706F24084EDB00464623 /* SpotifyStatus.entitlements */ = {isa = PBXFileReference; fileEncoding = 4; lastKnownFileType = text.plist.entitlements; path = SpotifyStatus.entitlements; sourceTree = "<group>"; };
		B19540392407C67700250156 /* SpotifyStatus.app */ = {isa = PBXFileReference; explicitFileType = wrapper.application; includeInIndex = 0; path = SpotifyStatus.app; sourceTree = BUILT_PRODUCTS_DIR; };
		B195403C2407C67700250156 /* SpotifyStatusDelegate.h */ = {isa = PBXFileReference; lastKnownFileType = sourcecode.c.h; path = SpotifyStatusDelegate.h; sourceTree = "<group>"; };
		B195403D2407C67700250156 /* SpotifyStatusDelegate.m */ = {isa = PBXFileReference; lastKnownFileType = sourcecode.c.objc; path = SpotifyStatusDelegate.m; sourceTree = "<group>"; };
		B195403F2407C67A00250156 /* Assets.xcassets */ = {isa = PBXFileReference; lastKnownFileType = folder.assetcatalog; path = Assets.xcassets; sourceTree = "<group>"; };
		B19540422407C67A00250156 /* Base */ = {isa = PBXFileReference; lastKnownFileType = file.xib; name = Base; path = Base.lproj/MainMenu.xib; sourceTree = "<group>"; };
		B19540442407C67A00250156 /* Info.plist */ = {isa = PBXFileReference; lastKnownFileType = text.plist.xml; path = Info.plist; sourceTree = "<group>"; };
		B19540452407C67A00250156 /* main.m */ = {isa = PBXFileReference; lastKnownFileType = sourcecode.c.objc; path = main.m; sourceTree = "<group>"; };
		B195404E2407C6A000250156 /* Cocoa.framework */ = {isa = PBXFileReference; lastKnownFileType = wrapper.framework; name = Cocoa.framework; path = System/Library/Frameworks/Cocoa.framework; sourceTree = SDKROOT; };
/* End PBXFileReference section */

/* Begin PBXFrameworksBuildPhase section */
		B19540362407C67700250156 /* Frameworks */ = {
			isa = PBXFrameworksBuildPhase;
			buildActionMask = 2147483647;
			files = (
				B195404F2407C6A000250156 /* Cocoa.framework in Frameworks */,
			);
			runOnlyForDeploymentPostprocessing = 0;
		};
/* End PBXFrameworksBuildPhase section */

/* Begin PBXGroup section */
		B19540302407C67700250156 = {
			isa = PBXGroup;
			children = (
				B195403B2407C67700250156 /* SpotifyStatus */,
				B195403A2407C67700250156 /* Products */,
				B195404D2407C6A000250156 /* Frameworks */,
			);
			sourceTree = "<group>";
		};
		B195403A2407C67700250156 /* Products */ = {
			isa = PBXGroup;
			children = (
				B19540392407C67700250156 /* SpotifyStatus.app */,
			);
			name = Products;
			sourceTree = "<group>";
		};
		B195403B2407C67700250156 /* SpotifyStatus */ = {
			isa = PBXGroup;
			children = (
				B195403C2407C67700250156 /* SpotifyStatusDelegate.h */,
				B195403D2407C67700250156 /* SpotifyStatusDelegate.m */,
				B19540412407C67A00250156 /* MainMenu.xib */,
				B19540442407C67A00250156 /* Info.plist */,
				B12F706F24084EDB00464623 /* SpotifyStatus.entitlements */,
				B195403F2407C67A00250156 /* Assets.xcassets */,
				B10F831024084442005C8E3D /* status_icon.png */,
				B19540452407C67A00250156 /* main.m */,
			);
			path = SpotifyStatus;
			sourceTree = "<group>";
		};
		B195404D2407C6A000250156 /* Frameworks */ = {
			isa = PBXGroup;
			children = (
				B195404E2407C6A000250156 /* Cocoa.framework */,
			);
			name = Frameworks;
			sourceTree = "<group>";
		};
/* End PBXGroup section */

/* Begin PBXNativeTarget section */
		B19540382407C67700250156 /* SpotifyStatus */ = {
			isa = PBXNativeTarget;
			buildConfigurationList = B195404A2407C67A00250156 /* Build configuration list for PBXNativeTarget "SpotifyStatus" */;
			buildPhases = (
				B19540352407C67700250156 /* Sources */,
				B19540362407C67700250156 /* Frameworks */,
				B19540372407C67700250156 /* Resources */,
			);
			buildRules = (
			);
			dependencies = (
			);
			name = SpotifyStatus;
			productName = SpotifyStatus;
			productReference = B19540392407C67700250156 /* SpotifyStatus.app */;
			productType = "com.apple.product-type.application";
		};
/* End PBXNativeTarget section */

/* Begin PBXProject section */
		B19540312407C67700250156 /* Project object */ = {
			isa = PBXProject;
			attributes = {
				LastUpgradeCheck = 1120;
				ORGANIZATIONNAME = "William Huebner";
				TargetAttributes = {
					B19540382407C67700250156 = {
						CreatedOnToolsVersion = 11.2.1;
					};
				};
			};
			buildConfigurationList = B19540342407C67700250156 /* Build configuration list for PBXProject "SpotifyStatus" */;
			compatibilityVersion = "Xcode 9.3";
			developmentRegion = en;
			hasScannedForEncodings = 0;
			knownRegions = (
				en,
				Base,
			);
			mainGroup = B19540302407C67700250156;
			productRefGroup = B195403A2407C67700250156 /* Products */;
			projectDirPath = "";
			projectRoot = "";
			targets = (
				B19540382407C67700250156 /* SpotifyStatus */,
			);
		};
/* End PBXProject section */

/* Begin PBXResourcesBuildPhase section */
		B19540372407C67700250156 /* Resources */ = {
			isa = PBXResourcesBuildPhase;
			buildActionMask = 2147483647;
			files = (
				B19540402407C67A00250156 /* Assets.xcassets in Resources */,
				B19540432407C67A00250156 /* MainMenu.xib in Resources */,
				B10F831124084442005C8E3D /* status_icon.png in Resources */,
			);
			runOnlyForDeploymentPostprocessing = 0;
		};
/* End PBXResourcesBuildPhase section */

/* Begin PBXSourcesBuildPhase section */
		B19540352407C67700250156 /* Sources */ = {
			isa = PBXSourcesBuildPhase;
			buildActionMask = 2147483647;
			files = (
				B19540462407C67A00250156 /* main.m in Sources */,
				B195403E2407C67700250156 /* SpotifyStatusDelegate.m in Sources */,
			);
			runOnlyForDeploymentPostprocessing = 0;
		};
/* End PBXSourcesBuildPhase section */

/* Begin PBXVariantGroup section */
		B19540412407C67A00250156 /* MainMenu.xib */ = {
			isa = PBXVariantGroup;
			children = (
				B19540422407C67A00250156 /* Base */,
			);
			name = MainMenu.xib;
			sourceTree = "<group>";
		};
/* End PBXVariantGroup section */

/* Begin XCBuildConfiguration section */
		B19540482407C67A00250156 /* Debug */ = {
			isa = XCBuildConfiguration;
			buildSettings = {
				ALWAYS_SEARCH_USER_PATHS = NO;
				CLANG_ANALYZER_NONNULL = YES;
				CLANG_ANALYZER_NUMBER_OBJECT_CONVERSION = YES_AGGRESSIVE;
				CLANG_CXX_LANGUAGE_STANDARD = "gnu++14";
				CLANG_CXX_LIBRARY = "libc++";
				CLANG_ENABLE_MODULES = YES;
				CLANG_ENABLE_OBJC_ARC = YES;
				CLANG_ENABLE_OBJC_WEAK = YES;
				CLANG_WARN_BLOCK_CAPTURE_AUTORELEASING = YES;
				CLANG_WARN_BOOL_CONVERSION = YES;
				CLANG_WARN_COMMA = YES;
				CLANG_WARN_CONSTANT_CONVERSION = YES;
				CLANG_WARN_DEPRECATED_OBJC_IMPLEMENTATIONS = YES;
				CLANG_WARN_DIRECT_OBJC_ISA_USAGE = YES_ERROR;
				CLANG_WARN_DOCUMENTATION_COMMENTS = YES;
				CLANG_WARN_EMPTY_BODY = YES;
				CLANG_WARN_ENUM_CONVERSION = YES;
				CLANG_WARN_INFINITE_RECURSION = YES;
				CLANG_WARN_INT_CONVERSION = YES;
				CLANG_WARN_NON_LITERAL_NULL_CONVERSION = YES;
				CLANG_WARN_OBJC_IMPLICIT_RETAIN_SELF = YES;
				CLANG_WARN_OBJC_LITERAL_CONVERSION = YES;
				CLANG_WARN_OBJC_ROOT_CLASS = YES_ERROR;
				CLANG_WARN_RANGE_LOOP_ANALYSIS = YES;
				CLANG_WARN_STRICT_PROTOTYPES = YES;
				CLANG_WARN_SUSPICIOUS_MOVE = YES;
				CLANG_WARN_UNGUARDED_AVAILABILITY = YES_AGGRESSIVE;
				CLANG_WARN_UNREACHABLE_CODE = YES;
				CLANG_WARN__DUPLICATE_METHOD_MATCH = YES;
				COPY_PHASE_STRIP = NO;
				DEBUG_INFORMATION_FORMAT = dwarf;
				ENABLE_STRICT_OBJC_MSGSEND = YES;
				ENABLE_TESTABILITY = YES;
				GCC_C_LANGUAGE_STANDARD = gnu11;
				GCC_DYNAMIC_NO_PIC = NO;
				GCC_NO_COMMON_BLOCKS = YES;
				GCC_OPTIMIZATION_LEVEL = 0;
				GCC_PREPROCESSOR_DEFINITIONS = (
					"DEBUG=1",
					"$(inherited)",
				);
				GCC_WARN_64_TO_32_BIT_CONVERSION = YES;
				GCC_WARN_ABOUT_RETURN_TYPE = YES_ERROR;
				GCC_WARN_UNDECLARED_SELECTOR = YES;
				GCC_WARN_UNINITIALIZED_AUTOS = YES_AGGRESSIVE;
				GCC_WARN_UNUSED_FUNCTION = YES;
				GCC_WARN_UNUSED_VARIABLE = YES;
				MACOSX_DEPLOYMENT_TARGET = 10.15;
				MTL_ENABLE_DEBUG_INFO = INCLUDE_SOURCE;
				MTL_FAST_MATH = YES;
				ONLY_ACTIVE_ARCH = YES;
				SDKROOT = macosx;
			};
			name = Debug;
		};
		B19540492407C67A00250156 /* Release */ = {
			isa = XCBuildConfiguration;
			buildSettings = {
				ALWAYS_SEARCH_USER_PATHS = NO;
				CLANG_ANALYZER_NONNULL = YES;
				CLANG_ANALYZER_NUMBER_OBJECT_CONVERSION = YES_AGGRESSIVE;
				CLANG_CXX_LANGUAGE_STANDARD = "gnu++14";
				CLANG_CXX_LIBRARY = "libc++";
				CLANG_ENABLE_MODULES = YES;
				CLANG_ENABLE_OBJC_ARC = YES;
				CLANG_ENABLE_OBJC_WEAK = YES;
				CLANG_WARN_BLOCK_CAPTURE_AUTORELEASING = YES;
				CLANG_WARN_BOOL_CONVERSION = YES;
				CLANG_WARN_COMMA = YES;
				CLANG_WARN_CONSTANT_CONVERSION = YES;
				CLANG_WARN_DEPRECATED_OBJC_IMPLEMENTATIONS = YES;
				CLANG_WARN_DIRECT_OBJC_ISA_USAGE = YES_ERROR;
				CLANG_WARN_DOCUMENTATION_COMMENTS = YES;
				CLANG_WARN_EMPTY_BODY = YES;
				CLANG_WARN_ENUM_CONVERSION = YES;
				CLANG_WARN_INFINITE_RECURSION = YES;
				CLANG_WARN_INT_CONVERSION = YES;
				CLANG_WARN_NON_LITERAL_NULL_CONVERSION = YES;
				CLANG_WARN_OBJC_IMPLICIT_RETAIN_SELF = YES;
				CLANG_WARN_OBJC_LITERAL_CONVERSION = YES;
				CLANG_WARN_OBJC_ROOT_CLASS = YES_ERROR;
				CLANG_WARN_RANGE_LOOP_ANALYSIS = YES;
				CLANG_WARN_STRICT_PROTOTYPES = YES;
				CLANG_WARN_SUSPICIOUS_MOVE = YES;
				CLANG_WARN_UNGUARDED_AVAILABILITY = YES_AGGRESSIVE;
				CLANG_WARN_UNREACHABLE_CODE = YES;
				CLANG_WARN__DUPLICATE_METHOD_MATCH = YES;
				COPY_PHASE_STRIP = NO;
				DEBUG_INFORMATION_FORMAT = "dwarf-with-dsym";
				ENABLE_NS_ASSERTIONS = NO;
				ENABLE_STRICT_OBJC_MSGSEND = YES;
				GCC_C_LANGUAGE_STANDARD = gnu11;
				GCC_NO_COMMON_BLOCKS = YES;
				GCC_WARN_64_TO_32_BIT_CONVERSION = YES;
				GCC_WARN_ABOUT_RETURN_TYPE = YES_ERROR;
				GCC_WARN_UNDECLARED_SELECTOR = YES;
				GCC_WARN_UNINITIALIZED_AUTOS = YES_AGGRESSIVE;
				GCC_WARN_UNUSED_FUNCTION = YES;
				GCC_WARN_UNUSED_VARIABLE = YES;
				MACOSX_DEPLOYMENT_TARGET = 10.15;
				MTL_ENABLE_DEBUG_INFO = NO;
				MTL_FAST_MATH = YES;
				SDKROOT = macosx;
			};
			name = Release;
		};
		B195404B2407C67A00250156 /* Debug */ = {
			isa = XCBuildConfiguration;
			buildSettings = {
				ASSETCATALOG_COMPILER_APPICON_NAME = AppIcon;
				CODE_SIGN_ENTITLEMENTS = SpotifyStatus/SpotifyStatus.entitlements;
				CODE_SIGN_IDENTITY = "-";
				CODE_SIGN_INJECT_BASE_ENTITLEMENTS = YES;
				CODE_SIGN_STYLE = Automatic;
				COMBINE_HIDPI_IMAGES = YES;
				DEVELOPMENT_TEAM = ZL87VHZ7PD;
				ENABLE_HARDENED_RUNTIME = NO;
				INFOPLIST_FILE = SpotifyStatus/Info.plist;
				LD_RUNPATH_SEARCH_PATHS = (
					"$(inherited)",
					"@executable_path/../Frameworks",
				);
				MARKETING_VERSION = 1.1;
				PRODUCT_BUNDLE_IDENTIFIER = com.wilhueb.SpotifyStatus;
				PRODUCT_NAME = "$(TARGET_NAME)";
				PROVISIONING_PROFILE_SPECIFIER = "";
			};
			name = Debug;
		};
		B195404C2407C67A00250156 /* Release */ = {
			isa = XCBuildConfiguration;
			buildSettings = {
				ASSETCATALOG_COMPILER_APPICON_NAME = AppIcon;
				CODE_SIGN_ENTITLEMENTS = SpotifyStatus/SpotifyStatus.entitlements;
				CODE_SIGN_IDENTITY = "-";
				CODE_SIGN_INJECT_BASE_ENTITLEMENTS = YES;
				CODE_SIGN_STYLE = Automatic;
				COMBINE_HIDPI_IMAGES = YES;
				DEVELOPMENT_TEAM = ZL87VHZ7PD;
				ENABLE_HARDENED_RUNTIME = NO;
				INFOPLIST_FILE = SpotifyStatus/Info.plist;
				LD_RUNPATH_SEARCH_PATHS = (
					"$(inherited)",
					"@executable_path/../Frameworks",
				);
				MARKETING_VERSION = 1.1;
				PRODUCT_BUNDLE_IDENTIFIER = com.wilhueb.SpotifyStatus;
				PRODUCT_NAME = "$(TARGET_NAME)";
				PROVISIONING_PROFILE_SPECIFIER = "";
			};
			name = Release;
		};
/* End XCBuildConfiguration section */

/* Begin XCConfigurationList section */
		B19540342407C67700250156 /* Build configuration list for PBXProject "SpotifyStatus" */ = {
			isa = XCConfigurationList;
			buildConfigurations = (
				B19540482407C67A00250156 /* Debug */,
				B19540492407C67A00250156 /* Release */,
			);
			defaultConfigurationIsVisible = 0;
			defaultConfigurationName = Release;
		};
		B195404A2407C67A00250156 /* Build configuration list for PBXNativeTarget "SpotifyStatus" */ = {
			isa = XCConfigurationList;
			buildConfigurations = (
				B195404B2407C67A00250156 /* Debug */,
				B195404C2407C67A00250156 /* Release */,
			);
			defaultConfigurationIsVisible = 0;
			defaultConfigurationName = Release;
		};
/* End XCConfigurationList section */
	};
	rootObject = B19540312407C67700250156 /* Project object */;
}
